
Microsoft Visual Studio Solution File, Format Version 12.00
# Visual Studio Version 17
VisualStudioVersion = 17.14.36203.30
MinimumVisualStudioVersion = 10.0.40219.1
Project("{FAE04EC0-301F-11D3-BF4B-00C04F79EFBC}") = "Storeprocedure", "Storeprocedure.csproj", "{E6D2E3ED-A972-46A4-A3C9-D4CE5E03FD79}"
EndProject
Project("{FAE04EC0-301F-11D3-BF4B-00C04F79EFBC}") = "DAL", "..\DAL\DAL.csproj", "{76FD9221-3A77-439C-BCAB-7D200EF53428}"
EndProject
Project("{FAE04EC0-301F-11D3-BF4B-00C04F79EFBC}") = "BLL", "..\BLL\BLL.csproj", "{E6B4728E-9FE5-4192-9F34-6B869DC29D3D}"
EndProject
Global
	GlobalSection(SolutionConfigurationPlatforms) = preSolution
		Debug|Any CPU = Debug|Any CPU
		Release|Any CPU = Release|Any CPU
	EndGlobalSection
	GlobalSection(ProjectConfigurationPlatforms) = postSolution
		{E6D2E3ED-A972-46A4-A3C9-D4CE5E03FD79}.Debug|Any CPU.ActiveCfg = Debug|Any CPU
		{E6D2E3ED-A972-46A4-A3C9-D4CE5E03FD79}.Debug|Any CPU.Build.0 = Debug|Any CPU
		{E6D2E3ED-A972-46A4-A3C9-D4CE5E03FD79}.Release|Any CPU.ActiveCfg = Release|Any CPU
		{E6D2E3ED-A972-46A4-A3C9-D4CE5E03FD79}.Release|Any CPU.Build.0 = Release|Any CPU
		{76FD9221-3A77-439C-BCAB-7D200EF53428}.Debug|Any CPU.ActiveCfg = Debug|Any CPU
		{76FD9221-3A77-439C-BCAB-7D200EF53428}.Debug|Any CPU.Build.0 = Debug|Any CPU
		{76FD9221-3A77-439C-BCAB-7D200EF53428}.Release|Any CPU.ActiveCfg = Release|Any CPU
		{76FD9221-3A77-439C-BCAB-7D200EF53428}.Release|Any CPU.Build.0 = Release|Any CPU
		{E6B4728E-9FE5-4192-9F34-6B869DC29D3D}.Debug|Any CPU.ActiveCfg = Debug|Any CPU
		{E6B4728E-9FE5-4192-9F34-6B869DC29D3D}.Debug|Any CPU.Build.0 = Debug|Any CPU
		{E6B4728E-9FE5-4192-9F34-6B869DC29D3D}.Release|Any CPU.ActiveCfg = Release|Any CPU
		{E6B4728E-9FE5-4192-9F34-6B869DC29D3D}.Release|Any CPU.Build.0 = Release|Any CPU
	EndGlobalSection
	GlobalSection(SolutionProperties) = preSolution
		HideSolutionNode = FALSE
	EndGlobalSection
	GlobalSection(ExtensibilityGlobals) = postSolution
		SolutionGuid = {0D334E86-94B7-4228-8AFA-8903A8C5B251}
	EndGlobalSection
EndGlobal
